<?xml version="1.0" encoding="utf-8"?>
<Project ToolsVersion="4.0" xmlns="http://schemas.microsoft.com/developer/msbuild/2003">
  <ItemGroup>
    <Filter Include="源文件">
      <UniqueIdentifier>{4FC737F1-C7A5-4376-A066-2A32D752A2FF}</UniqueIdentifier>
      <Extensions>cpp;c;cc;cxx;def;odl;idl;hpj;bat;asm;asmx</Extensions>
    </Filter>
    <Filter Include="头文件">
      <UniqueIdentifier>{93995380-89BD-4b04-88EB-625FBE52EBFB}</UniqueIdentifier>
      <Extensions>h;hh;hpp;hxx;hm;inl;inc;ipp;xsd</Extensions>
    </Filter>
    <Filter Include="资源文件">
      <UniqueIdentifier>{67DA6AB6-F800-4c08-8B7A-83BB121AAD01}</UniqueIdentifier>
      <Extensions>rc;ico;cur;bmp;dlg;rc2;rct;bin;rgs;gif;jpg;jpeg;jpe;resx;tiff;tif;png;wav;mfcribbon-ms</Extensions>
    </Filter>
    <Filter Include="资源文件\skybox">
      <UniqueIdentifier>{b8396487-868d-4d2a-9a3c-73f434f0088d}</UniqueIdentifier>
    </Filter>
    <Filter Include="资源文件\planet">
      <UniqueIdentifier>{593538a7-00fc-442e-9d07-4362d8b98460}</UniqueIdentifier>
    </Filter>
    <Filter Include="资源文件\rock">
      <UniqueIdentifier>{fc01f263-2195-4527-bb21-4cf10e3c2e37}</UniqueIdentifier>
    </Filter>
    <Filter Include="资源文件\nanosuit">
      <UniqueIdentifier>{008de016-ed15-4ca3-8e03-738556270453}</UniqueIdentifier>
    </Filter>
    <Filter Include="资源文件\res_440">
      <UniqueIdentifier>{3b82c922-740e-4dc2-bb05-b7aa381379cb}</UniqueIdentifier>
    </Filter>
  </ItemGroup>
  <ItemGroup>
    <ClCompile Include="main.cpp">
      <Filter>源文件</Filter>
    </ClCompile>
    <ClCompile Include="scripts\glad.c">
      <Filter>源文件</Filter>
    </ClCompile>
    <ClCompile Include="scripts\Shader.cpp">
      <Filter>源文件</Filter>
    </ClCompile>
    <ClCompile Include="scripts\stb_image.cpp">
      <Filter>源文件</Filter>
    </ClCompile>
    <ClCompile Include="scripts\Camera.cpp">
      <Filter>源文件</Filter>
    </ClCompile>
    <ClCompile Include="scripts\Mesh.cpp">
      <Filter>源文件</Filter>
    </ClCompile>
    <ClCompile Include="scripts\Model.cpp">
      <Filter>源文件</Filter>
    </ClCompile>
    <ClCompile Include="scripts\Config.cpp">
      <Filter>源文件</Filter>
    </ClCompile>
    <ClCompile Include="scripts\Cube.cpp">
      <Filter>源文件</Filter>
    </ClCompile>
    <ClCompile Include="scripts\RenderBuffer.cpp">
      <Filter>源文件</Filter>
    </ClCompile>
    <ClCompile Include="scripts\RenderCube.cpp">
      <Filter>源文件</Filter>
    </ClCompile>
    <ClCompile Include="SkyBox.cpp">
      <Filter>源文件</Filter>
    </ClCompile>
  </ItemGroup>
  <ItemGroup>
    <None Include="res\shader.fs">
      <Filter>资源文件</Filter>
    </None>
    <None Include="res\shader.vs">
      <Filter>资源文件</Filter>
    </None>
    <None Include="res\04_transformation.node">
      <Filter>资源文件</Filter>
    </None>
    <None Include="res\shader_light.fs">
      <Filter>资源文件</Filter>
    </None>
    <None Include="res\shader_light.vs">
      <Filter>资源文件</Filter>
    </None>
    <None Include="res\shader_blend.fs">
      <Filter>资源文件</Filter>
    </None>
    <None Include="res\shader_blend.vs">
      <Filter>资源文件</Filter>
    </None>
    <None Include="res\shader_frame.fs">
      <Filter>资源文件</Filter>
    </None>
    <None Include="res\shader_skybox.fs">
      <Filter>资源文件</Filter>
    </None>
    <None Include="res\shader_skybox.vs">
      <Filter>资源文件</Filter>
    </None>
    <None Include="res\shader_gs_test.fs">
      <Filter>资源文件</Filter>
    </None>
    <None Include="res\shader_gs_test.gs">
      <Filter>资源文件</Filter>
    </None>
    <None Include="res\shader_gs_test.vs">
      <Filter>资源文件</Filter>
    </None>
    <None Include="res\shader.gs">
      <Filter>资源文件</Filter>
    </None>
    <None Include="res\shader_normal.fs">
      <Filter>资源文件</Filter>
    </None>
    <None Include="res\shader_normal.gs">
      <Filter>资源文件</Filter>
    </None>
    <None Include="res\shader_normal.vs">
      <Filter>资源文件</Filter>
    </None>
    <None Include="res\shader_instance.fs">
      <Filter>资源文件</Filter>
    </None>
    <None Include="res\shader_instance.vs">
      <Filter>资源文件</Filter>
    </None>
    <None Include="res\shader_model.fs">
      <Filter>资源文件</Filter>
    </None>
    <None Include="res\shader_model.vs">
      <Filter>资源文件</Filter>
    </None>
    <None Include="res\shader_model_instance.fs">
      <Filter>资源文件</Filter>
    </None>
    <None Include="res\shader_model_instance.vs">
      <Filter>资源文件</Filter>
    </None>
    <None Include="res\shader_cube.fs">
      <Filter>资源文件</Filter>
    </None>
    <None Include="res\shader_cube.vs">
      <Filter>资源文件</Filter>
    </None>
    <None Include="res\shader_screen.fs">
      <Filter>资源文件</Filter>
    </None>
    <None Include="res\shader_screen.vs">
      <Filter>资源文件</Filter>
    </None>
    <None Include="res\shader_410_advancedlight.fs">
      <Filter>资源文件</Filter>
    </None>
    <None Include="res\shader_410_advancedlight.vs">
      <Filter>资源文件</Filter>
    </None>
    <None Include="res\shader_431_shadow_mapping.fs">
      <Filter>资源文件</Filter>
    </None>
    <None Include="res\shader_431_shadow_mapping.vs">
      <Filter>资源文件</Filter>
    </None>
    <None Include="res\shader_431_light_view.fs">
      <Filter>资源文件</Filter>
    </None>
    <None Include="res\shader_431_light_view.vs">
      <Filter>资源文件</Filter>
    </None>
    <None Include="res\shader_431_depth_view.fs">
      <Filter>资源文件</Filter>
    </None>
    <None Include="res\shader_431_depth_view.vs">
      <Filter>资源文件</Filter>
    </None>
    <None Include="res\shader_432_depth_view.fs">
      <Filter>资源文件</Filter>
    </None>
    <None Include="res\shader_432_depth_view.vs">
      <Filter>资源文件</Filter>
    </None>
    <None Include="res\shader_432_light_view.fs">
      <Filter>资源文件</Filter>
    </None>
    <None Include="res\shader_432_light_view.vs">
      <Filter>资源文件</Filter>
    </None>
    <None Include="res\shader_432_shadow_mapping.fs">
      <Filter>资源文件</Filter>
    </None>
    <None Include="res\shader_432_shadow_mapping.vs">
      <Filter>资源文件</Filter>
    </None>
    <None Include="res\shader_432_light_view.gs">
      <Filter>资源文件</Filter>
    </None>
    <None Include="res\res_440\shader_440_normal_mapping.fs">
      <Filter>资源文件\res_440</Filter>
    </None>
    <None Include="res\res_440\shader_440_normal_mapping.vs">
      <Filter>资源文件\res_440</Filter>
    </None>
  </ItemGroup>
  <ItemGroup>
    <ClInclude Include="scripts\Shader.h">
      <Filter>头文件</Filter>
    </ClInclude>
    <ClInclude Include="scripts\stb_image.h">
      <Filter>头文件</Filter>
    </ClInclude>
    <ClInclude Include="scripts\Config.h">
      <Filter>头文件</Filter>
    </ClInclude>
    <ClInclude Include="scripts\Camera.h">
      <Filter>头文件</Filter>
    </ClInclude>
    <ClInclude Include="scripts\Mesh.h">
      <Filter>头文件</Filter>
    </ClInclude>
    <ClInclude Include="scripts\Model.h">
      <Filter>头文件</Filter>
    </ClInclude>
    <ClInclude Include="scripts\Cube.h">
      <Filter>头文件</Filter>
    </ClInclude>
    <ClInclude Include="scripts\RenderBuffer.h">
      <Filter>头文件</Filter>
    </ClInclude>
    <ClInclude Include="scripts\RenderCube.h">
      <Filter>头文件</Filter>
    </ClInclude>
    <ClInclude Include="scripts\SkyBox.h">
      <Filter>头文件</Filter>
    </ClInclude>
  </ItemGroup>
  <ItemGroup>
    <Image Include="res\awesomeface.png">
      <Filter>资源文件</Filter>
    </Image>
    <Image Include="res\container.jpg">
      <Filter>资源文件</Filter>
    </Image>
    <Image Include="res\05_coordinate_systems.png">
      <Filter>资源文件</Filter>
    </Image>
    <Image Include="res\container2.png">
      <Filter>资源文件</Filter>
    </Image>
    <Image Include="res\container2_specular.png">
      <Filter>资源文件</Filter>
    </Image>
    <Image Include="res\grass.png">
      <Filter>资源文件</Filter>
    </Image>
    <Image Include="res\blending_transparent_window.png">
      <Filter>资源文件</Filter>
    </Image>
    <Image Include="res\skybox\back.jpg">
      <Filter>资源文件\skybox</Filter>
    </Image>
    <Image Include="res\skybox\bottom.jpg">
      <Filter>资源文件\skybox</Filter>
    </Image>
    <Image Include="res\skybox\front.jpg">
      <Filter>资源文件\skybox</Filter>
    </Image>
    <Image Include="res\skybox\left.jpg">
      <Filter>资源文件\skybox</Filter>
    </Image>
    <Image Include="res\skybox\right.jpg">
      <Filter>资源文件\skybox</Filter>
    </Image>
    <Image Include="res\skybox\top.jpg">
      <Filter>资源文件\skybox</Filter>
    </Image>
    <Image Include="res\res_440\brickwall.jpg">
      <Filter>资源文件\res_440</Filter>
    </Image>
    <Image Include="res\res_440\brickwall_normal.jpg">
      <Filter>资源文件\res_440</Filter>
    </Image>
  </ItemGroup>
</Project>